
Microsoft Visual Studio Solution File, Format Version 12.00
# Visual Studio 15
VisualStudioVersion = 15.0.27130.2036
MinimumVisualStudioVersion = 10.0.40219.1
Project("{E24C65DC-7377-472B-9ABA-BC803B73C61A}") = "Zadatak1", "Zadatak1\", "{FA6DD6F7-971A-477C-B2D9-2DB206B53440}"
	ProjectSection(WebsiteProperties) = preProject
		TargetFrameworkMoniker = ".NETFramework,Version%3Dv4.6.1"
		Debug.AspNetCompiler.VirtualPath = "/localhost_57257"
		Debug.AspNetCompiler.PhysicalPath = "Zadatak1\"
		Debug.AspNetCompiler.TargetPath = "PrecompiledWeb\localhost_57257\"
		Debug.AspNetCompiler.Updateable = "true"
		Debug.AspNetCompiler.ForceOverwrite = "true"
		Debug.AspNetCompiler.FixedNames = "false"
		Debug.AspNetCompiler.Debug = "True"
		Release.AspNetCompiler.VirtualPath = "/localhost_57257"
		Release.AspNetCompiler.PhysicalPath = "Zadatak1\"
		Release.AspNetCompiler.TargetPath = "PrecompiledWeb\localhost_57257\"
		Release.AspNetCompiler.Updateable = "true"
		Release.AspNetCompiler.ForceOverwrite = "true"
		Release.AspNetCompiler.FixedNames = "false"
		Release.AspNetCompiler.Debug = "False"
		VWDPort = "57257"
		SlnRelativePath = "Zadatak1\"
		DefaultWebSiteLanguage = "Visual C#"
	EndProjectSection
EndProject
Global
	GlobalSection(SolutionConfigurationPlatforms) = preSolution
		Debug|Any CPU = Debug|Any CPU
	EndGlobalSection
	GlobalSection(ProjectConfigurationPlatforms) = postSolution
		{FA6DD6F7-971A-477C-B2D9-2DB206B53440}.Debug|Any CPU.ActiveCfg = Debug|Any CPU
		{FA6DD6F7-971A-477C-B2D9-2DB206B53440}.Debug|Any CPU.Build.0 = Debug|Any CPU
	EndGlobalSection
	GlobalSection(SolutionProperties) = preSolution
		HideSolutionNode = FALSE
	EndGlobalSection
	GlobalSection(ExtensibilityGlobals) = postSolution
		SolutionGuid = {403D0D4D-EE45-4E59-AEE1-C658BBADF430}
	EndGlobalSection
EndGlobal
