
Microsoft Visual Studio Solution File, Format Version 12.00
# Visual Studio 15
VisualStudioVersion = 15.0.27130.2036
MinimumVisualStudioVersion = 10.0.40219.1
Project("{FAE04EC0-301F-11D3-BF4B-00C04F79EFBC}") = "Zadatak2", "Zadatak2\Zadatak2.csproj", "{1EFC62E1-1F51-40B9-8043-E88D12A070DE}"
EndProject
Global
	GlobalSection(SolutionConfigurationPlatforms) = preSolution
		Debug|Any CPU = Debug|Any CPU
		Release|Any CPU = Release|Any CPU
	EndGlobalSection
	GlobalSection(ProjectConfigurationPlatforms) = postSolution
		{1EFC62E1-1F51-40B9-8043-E88D12A070DE}.Debug|Any CPU.ActiveCfg = Debug|Any CPU
		{1EFC62E1-1F51-40B9-8043-E88D12A070DE}.Debug|Any CPU.Build.0 = Debug|Any CPU
		{1EFC62E1-1F51-40B9-8043-E88D12A070DE}.Release|Any CPU.ActiveCfg = Release|Any CPU
		{1EFC62E1-1F51-40B9-8043-E88D12A070DE}.Release|Any CPU.Build.0 = Release|Any CPU
	EndGlobalSection
	GlobalSection(SolutionProperties) = preSolution
		HideSolutionNode = FALSE
	EndGlobalSection
	GlobalSection(ExtensibilityGlobals) = postSolution
		SolutionGuid = {345CAC62-F08E-4810-94D5-81B8DC423971}
	EndGlobalSection
EndGlobal
